// !$*UTF8*$!
{
	archiveVersion = 1;
	classes = {
	};
	objectVersion = 46;
	objects = {

/* Begin PBXBuildFile section */
		1846A5951BFDC97300F9FDB1 /* BaseFMDBUtil.m in Sources */ = {isa = PBXBuildFile; fileRef = 1846A58D1BFDC97300F9FDB1 /* BaseFMDBUtil.m */; };
		1846A5961BFDC97300F9FDB1 /* PresetFMDBUtil.m in Sources */ = {isa = PBXBuildFile; fileRef = 1846A58F1BFDC97300F9FDB1 /* PresetFMDBUtil.m */; };
		1846A5971BFDC97300F9FDB1 /* UserFMDBUtil.m in Sources */ = {isa = PBXBuildFile; fileRef = 1846A5911BFDC97300F9FDB1 /* UserFMDBUtil.m */; };
		1846A5981BFDC97300F9FDB1 /* ImageBase64.m in Sources */ = {isa = PBXBuildFile; fileRef = 1846A5941BFDC97300F9FDB1 /* ImageBase64.m */; };
		184915081BE70AAE00D58440 /* OpenUrlWindow.m in Sources */ = {isa = PBXBuildFile; fileRef = 184915061BE70AAE00D58440 /* OpenUrlWindow.m */; };
		184915091BE70AAE00D58440 /* OpenUrlWindow.xib in Resources */ = {isa = PBXBuildFile; fileRef = 184915071BE70AAE00D58440 /* OpenUrlWindow.xib */; };
		184915761BF09FC900D58440 /* FeedItemTableDelegate.m in Sources */ = {isa = PBXBuildFile; fileRef = 184915751BF09FC900D58440 /* FeedItemTableDelegate.m */; };
		A8E2BCFD5F88C1FF30006D1D /* preset_database.sqlite3 in Resources */ = {isa = PBXBuildFile; fileRef = A8E2BE1C445C32B8CC33194D /* preset_database.sqlite3 */; };
		D405BEBE1B97406900D48AAF /* MainMenu.xib in Resources */ = {isa = PBXBuildFile; fileRef = D405BEBC1B97406900D48AAF /* MainMenu.xib */; };
		D42BF8191B55636D0004210D /* HTMLSchema.m in Sources */ = {isa = PBXBuildFile; fileRef = D42BF8181B55636D0004210D /* HTMLSchema.m */; };
		D43B14B41B9EFFE4002DECC1 /* ViewController.m in Sources */ = {isa = PBXBuildFile; fileRef = D43B14B21B9EFFE4002DECC1 /* ViewController.m */; };
		D43B14B51B9EFFE4002DECC1 /* ViewController.xib in Resources */ = {isa = PBXBuildFile; fileRef = D43B14B31B9EFFE4002DECC1 /* ViewController.xib */; };
		D43DA9771B56CA230064710E /* TFHpple.m in Sources */ = {isa = PBXBuildFile; fileRef = D43DA9721B56CA230064710E /* TFHpple.m */; };
		D43DA9781B56CA230064710E /* TFHppleElement.m in Sources */ = {isa = PBXBuildFile; fileRef = D43DA9741B56CA230064710E /* TFHppleElement.m */; };
		D43DA9791B56CA230064710E /* XPathQuery.m in Sources */ = {isa = PBXBuildFile; fileRef = D43DA9761B56CA230064710E /* XPathQuery.m */; };
		D4CEC71A1A827AB300D0A87A /* libxml2.dylib in Frameworks */ = {isa = PBXBuildFile; fileRef = D4CEC7191A827AB300D0A87A /* libxml2.dylib */; };
		D4DA8B8E1B3471B1000DC0E8 /* FeedParser.strings in Resources */ = {isa = PBXBuildFile; fileRef = D4DA8B6B1B3471B1000DC0E8 /* FeedParser.strings */; };
		D4DA8B8F1B3471B1000DC0E8 /* FeedParser.m in Sources */ = {isa = PBXBuildFile; fileRef = D4DA8B6E1B3471B1000DC0E8 /* FeedParser.m */; };
		D4DA8B901B3471B1000DC0E8 /* NSDate+helper.m in Sources */ = {isa = PBXBuildFile; fileRef = D4DA8B711B3471B1000DC0E8 /* NSDate+helper.m */; };
		D4DA8B911B3471B1000DC0E8 /* NSString+helper.m in Sources */ = {isa = PBXBuildFile; fileRef = D4DA8B731B3471B1000DC0E8 /* NSString+helper.m */; };
		D4DA8B921B3471B1000DC0E8 /* AtomSchema.m in Sources */ = {isa = PBXBuildFile; fileRef = D4DA8B761B3471B1000DC0E8 /* AtomSchema.m */; };
		D4DA8B931B3471B1000DC0E8 /* RSSBaseElement.m in Sources */ = {isa = PBXBuildFile; fileRef = D4DA8B781B3471B1000DC0E8 /* RSSBaseElement.m */; };
		D4DA8B941B3471B1000DC0E8 /* RSSChannelElement.m in Sources */ = {isa = PBXBuildFile; fileRef = D4DA8B7A1B3471B1000DC0E8 /* RSSChannelElement.m */; };
		D4DA8B951B3471B1000DC0E8 /* RSSItemElement.m in Sources */ = {isa = PBXBuildFile; fileRef = D4DA8B7C1B3471B1000DC0E8 /* RSSItemElement.m */; };
		D4DA8B961B3471B1000DC0E8 /* RSSSchema.m in Sources */ = {isa = PBXBuildFile; fileRef = D4DA8B7E1B3471B1000DC0E8 /* RSSSchema.m */; };
		D4DA8B971B3471B1000DC0E8 /* GDataRSSParser.m in Sources */ = {isa = PBXBuildFile; fileRef = D4DA8B821B3471B1000DC0E8 /* GDataRSSParser.m */; };
		D4DA8B981B3471B1000DC0E8 /* GDataXMLNode.m in Sources */ = {isa = PBXBuildFile; fileRef = D4DA8B851B3471B1000DC0E8 /* GDataXMLNode.m */; settings = {COMPILER_FLAGS = "-fno-objc-arc"; }; };
		D4DA8B991B3471B1000DC0E8 /* NSRSSParser.m in Sources */ = {isa = PBXBuildFile; fileRef = D4DA8B881B3471B1000DC0E8 /* NSRSSParser.m */; };
		D4DA8B9A1B3471B1000DC0E8 /* RSSParser.m in Sources */ = {isa = PBXBuildFile; fileRef = D4DA8B8A1B3471B1000DC0E8 /* RSSParser.m */; };
		D4DA8B9B1B3471B1000DC0E8 /* XMLHelper.m in Sources */ = {isa = PBXBuildFile; fileRef = D4DA8B8C1B3471B1000DC0E8 /* XMLHelper.m */; };
		D4FA67341A8133A900265869 /* AppDelegate.m in Sources */ = {isa = PBXBuildFile; fileRef = D4FA67331A8133A900265869 /* AppDelegate.m */; };
		D4FA67361A8133A900265869 /* main.m in Sources */ = {isa = PBXBuildFile; fileRef = D4FA67351A8133A900265869 /* main.m */; };
		D4FA673B1A8133A900265869 /* Images.xcassets in Resources */ = {isa = PBXBuildFile; fileRef = D4FA673A1A8133A900265869 /* Images.xcassets */; };
		F5B0577628B72EBEDF070641 /* libPods-RSSReader.a in Frameworks */ = {isa = PBXBuildFile; fileRef = 536E0B6EAEFC94FD63855273 /* libPods-RSSReader.a */; };
/* End PBXBuildFile section */

/* Begin PBXFileReference section */
		17A5FD8F9B851E884DF2BA6A /* Pods-RSSReader.release.xcconfig */ = {isa = PBXFileReference; includeInIndex = 1; lastKnownFileType = text.xcconfig; name = "Pods-RSSReader.release.xcconfig"; path = "Pods/Target Support Files/Pods-RSSReader/Pods-RSSReader.release.xcconfig"; sourceTree = "<group>"; };
		1846A58C1BFDC97300F9FDB1 /* BaseFMDBUtil.h */ = {isa = PBXFileReference; fileEncoding = 4; lastKnownFileType = sourcecode.c.h; path = BaseFMDBUtil.h; sourceTree = "<group>"; };
		1846A58D1BFDC97300F9FDB1 /* BaseFMDBUtil.m */ = {isa = PBXFileReference; fileEncoding = 4; lastKnownFileType = sourcecode.c.objc; path = BaseFMDBUtil.m; sourceTree = "<group>"; };
		1846A58E1BFDC97300F9FDB1 /* PresetFMDBUtil.h */ = {isa = PBXFileReference; fileEncoding = 4; lastKnownFileType = sourcecode.c.h; path = PresetFMDBUtil.h; sourceTree = "<group>"; };
		1846A58F1BFDC97300F9FDB1 /* PresetFMDBUtil.m */ = {isa = PBXFileReference; fileEncoding = 4; lastKnownFileType = sourcecode.c.objc; path = PresetFMDBUtil.m; sourceTree = "<group>"; };
		1846A5901BFDC97300F9FDB1 /* UserFMDBUtil.h */ = {isa = PBXFileReference; fileEncoding = 4; lastKnownFileType = sourcecode.c.h; path = UserFMDBUtil.h; sourceTree = "<group>"; };
		1846A5911BFDC97300F9FDB1 /* UserFMDBUtil.m */ = {isa = PBXFileReference; fileEncoding = 4; lastKnownFileType = sourcecode.c.objc; path = UserFMDBUtil.m; sourceTree = "<group>"; };
		1846A5931BFDC97300F9FDB1 /* ImageBase64.h */ = {isa = PBXFileReference; fileEncoding = 4; lastKnownFileType = sourcecode.c.h; path = ImageBase64.h; sourceTree = "<group>"; };
		1846A5941BFDC97300F9FDB1 /* ImageBase64.m */ = {isa = PBXFileReference; fileEncoding = 4; lastKnownFileType = sourcecode.c.objc; path = ImageBase64.m; sourceTree = "<group>"; };
		184915051BE70AAE00D58440 /* OpenUrlWindow.h */ = {isa = PBXFileReference; fileEncoding = 4; lastKnownFileType = sourcecode.c.h; path = OpenUrlWindow.h; sourceTree = "<group>"; };
		184915061BE70AAE00D58440 /* OpenUrlWindow.m */ = {isa = PBXFileReference; fileEncoding = 4; lastKnownFileType = sourcecode.c.objc; path = OpenUrlWindow.m; sourceTree = "<group>"; };
		184915071BE70AAE00D58440 /* OpenUrlWindow.xib */ = {isa = PBXFileReference; fileEncoding = 4; lastKnownFileType = file.xib; path = OpenUrlWindow.xib; sourceTree = "<group>"; };
		184915741BF09FC900D58440 /* FeedItemTableDelegate.h */ = {isa = PBXFileReference; fileEncoding = 4; lastKnownFileType = sourcecode.c.h; path = FeedItemTableDelegate.h; sourceTree = "<group>"; };
		184915751BF09FC900D58440 /* FeedItemTableDelegate.m */ = {isa = PBXFileReference; fileEncoding = 4; lastKnownFileType = sourcecode.c.objc; path = FeedItemTableDelegate.m; sourceTree = "<group>"; };
		536E0B6EAEFC94FD63855273 /* libPods-RSSReader.a */ = {isa = PBXFileReference; explicitFileType = archive.ar; includeInIndex = 0; path = "libPods-RSSReader.a"; sourceTree = BUILT_PRODUCTS_DIR; };
		A8E2BE1C445C32B8CC33194D /* preset_database.sqlite3 */ = {isa = PBXFileReference; lastKnownFileType = file.sqlite3; path = preset_database.sqlite3; sourceTree = "<group>"; };
		CDAA7ECFBE8752F649CCB7E8 /* Pods-RSSReader.debug.xcconfig */ = {isa = PBXFileReference; includeInIndex = 1; lastKnownFileType = text.xcconfig; name = "Pods-RSSReader.debug.xcconfig"; path = "Pods/Target Support Files/Pods-RSSReader/Pods-RSSReader.debug.xcconfig"; sourceTree = "<group>"; };
		D405BEBD1B97406900D48AAF /* Base */ = {isa = PBXFileReference; lastKnownFileType = file.xib; name = Base; path = MainMenu.xib; sourceTree = "<group>"; };
		D42BF8171B55636D0004210D /* HTMLSchema.h */ = {isa = PBXFileReference; fileEncoding = 4; lastKnownFileType = sourcecode.c.h; path = HTMLSchema.h; sourceTree = "<group>"; };
		D42BF8181B55636D0004210D /* HTMLSchema.m */ = {isa = PBXFileReference; fileEncoding = 4; lastKnownFileType = sourcecode.c.objc; path = HTMLSchema.m; sourceTree = "<group>"; };
		D43B14B11B9EFFE4002DECC1 /* ViewController.h */ = {isa = PBXFileReference; fileEncoding = 4; lastKnownFileType = sourcecode.c.h; path = ViewController.h; sourceTree = "<group>"; };
		D43B14B21B9EFFE4002DECC1 /* ViewController.m */ = {isa = PBXFileReference; fileEncoding = 4; lastKnownFileType = sourcecode.c.objc; path = ViewController.m; sourceTree = "<group>"; };
		D43B14B31B9EFFE4002DECC1 /* ViewController.xib */ = {isa = PBXFileReference; fileEncoding = 4; lastKnownFileType = file.xib; path = ViewController.xib; sourceTree = "<group>"; };
		D43DA9711B56CA230064710E /* TFHpple.h */ = {isa = PBXFileReference; fileEncoding = 4; lastKnownFileType = sourcecode.c.h; path = TFHpple.h; sourceTree = "<group>"; };
		D43DA9721B56CA230064710E /* TFHpple.m */ = {isa = PBXFileReference; fileEncoding = 4; lastKnownFileType = sourcecode.c.objc; path = TFHpple.m; sourceTree = "<group>"; };
		D43DA9731B56CA230064710E /* TFHppleElement.h */ = {isa = PBXFileReference; fileEncoding = 4; lastKnownFileType = sourcecode.c.h; path = TFHppleElement.h; sourceTree = "<group>"; };
		D43DA9741B56CA230064710E /* TFHppleElement.m */ = {isa = PBXFileReference; fileEncoding = 4; lastKnownFileType = sourcecode.c.objc; path = TFHppleElement.m; sourceTree = "<group>"; };
		D43DA9751B56CA230064710E /* XPathQuery.h */ = {isa = PBXFileReference; fileEncoding = 4; lastKnownFileType = sourcecode.c.h; path = XPathQuery.h; sourceTree = "<group>"; };
		D43DA9761B56CA230064710E /* XPathQuery.m */ = {isa = PBXFileReference; fileEncoding = 4; lastKnownFileType = sourcecode.c.objc; path = XPathQuery.m; sourceTree = "<group>"; };
		D4CEC7191A827AB300D0A87A /* libxml2.dylib */ = {isa = PBXFileReference; lastKnownFileType = "compiled.mach-o.dylib"; name = libxml2.dylib; path = usr/lib/libxml2.dylib; sourceTree = SDKROOT; };
		D4DA8B6C1B3471B1000DC0E8 /* Base */ = {isa = PBXFileReference; lastKnownFileType = text.plist.strings; name = Base; path = Base.lproj/FeedParser.strings; sourceTree = "<group>"; };
		D4DA8B6D1B3471B1000DC0E8 /* FeedParser.h */ = {isa = PBXFileReference; fileEncoding = 4; lastKnownFileType = sourcecode.c.h; path = FeedParser.h; sourceTree = "<group>"; };
		D4DA8B6E1B3471B1000DC0E8 /* FeedParser.m */ = {isa = PBXFileReference; fileEncoding = 4; lastKnownFileType = sourcecode.c.objc; path = FeedParser.m; sourceTree = "<group>"; };
		D4DA8B6F1B3471B1000DC0E8 /* LogHelper.h */ = {isa = PBXFileReference; fileEncoding = 4; lastKnownFileType = sourcecode.c.h; path = LogHelper.h; sourceTree = "<group>"; };
		D4DA8B701B3471B1000DC0E8 /* NSDate+helper.h */ = {isa = PBXFileReference; fileEncoding = 4; lastKnownFileType = sourcecode.c.h; path = "NSDate+helper.h"; sourceTree = "<group>"; };
		D4DA8B711B3471B1000DC0E8 /* NSDate+helper.m */ = {isa = PBXFileReference; fileEncoding = 4; lastKnownFileType = sourcecode.c.objc; path = "NSDate+helper.m"; sourceTree = "<group>"; };
		D4DA8B721B3471B1000DC0E8 /* NSString+helper.h */ = {isa = PBXFileReference; fileEncoding = 4; lastKnownFileType = sourcecode.c.h; path = "NSString+helper.h"; sourceTree = "<group>"; };
		D4DA8B731B3471B1000DC0E8 /* NSString+helper.m */ = {isa = PBXFileReference; fileEncoding = 4; lastKnownFileType = sourcecode.c.objc; path = "NSString+helper.m"; sourceTree = "<group>"; };
		D4DA8B751B3471B1000DC0E8 /* AtomSchema.h */ = {isa = PBXFileReference; fileEncoding = 4; lastKnownFileType = sourcecode.c.h; path = AtomSchema.h; sourceTree = "<group>"; };
		D4DA8B761B3471B1000DC0E8 /* AtomSchema.m */ = {isa = PBXFileReference; fileEncoding = 4; lastKnownFileType = sourcecode.c.objc; path = AtomSchema.m; sourceTree = "<group>"; };
		D4DA8B771B3471B1000DC0E8 /* RSSBaseElement.h */ = {isa = PBXFileReference; fileEncoding = 4; lastKnownFileType = sourcecode.c.h; path = RSSBaseElement.h; sourceTree = "<group>"; };
		D4DA8B781B3471B1000DC0E8 /* RSSBaseElement.m */ = {isa = PBXFileReference; fileEncoding = 4; lastKnownFileType = sourcecode.c.objc; path = RSSBaseElement.m; sourceTree = "<group>"; };
		D4DA8B791B3471B1000DC0E8 /* RSSChannelElement.h */ = {isa = PBXFileReference; fileEncoding = 4; lastKnownFileType = sourcecode.c.h; path = RSSChannelElement.h; sourceTree = "<group>"; };
		D4DA8B7A1B3471B1000DC0E8 /* RSSChannelElement.m */ = {isa = PBXFileReference; fileEncoding = 4; lastKnownFileType = sourcecode.c.objc; path = RSSChannelElement.m; sourceTree = "<group>"; };
		D4DA8B7B1B3471B1000DC0E8 /* RSSItemElement.h */ = {isa = PBXFileReference; fileEncoding = 4; lastKnownFileType = sourcecode.c.h; path = RSSItemElement.h; sourceTree = "<group>"; };
		D4DA8B7C1B3471B1000DC0E8 /* RSSItemElement.m */ = {isa = PBXFileReference; fileEncoding = 4; lastKnownFileType = sourcecode.c.objc; path = RSSItemElement.m; sourceTree = "<group>"; };
		D4DA8B7D1B3471B1000DC0E8 /* RSSSchema.h */ = {isa = PBXFileReference; fileEncoding = 4; lastKnownFileType = sourcecode.c.h; path = RSSSchema.h; sourceTree = "<group>"; };
		D4DA8B7E1B3471B1000DC0E8 /* RSSSchema.m */ = {isa = PBXFileReference; fileEncoding = 4; lastKnownFileType = sourcecode.c.objc; path = RSSSchema.m; sourceTree = "<group>"; };
		D4DA8B811B3471B1000DC0E8 /* GDataRSSParser.h */ = {isa = PBXFileReference; fileEncoding = 4; lastKnownFileType = sourcecode.c.h; path = GDataRSSParser.h; sourceTree = "<group>"; };
		D4DA8B821B3471B1000DC0E8 /* GDataRSSParser.m */ = {isa = PBXFileReference; fileEncoding = 4; lastKnownFileType = sourcecode.c.objc; path = GDataRSSParser.m; sourceTree = "<group>"; };
		D4DA8B841B3471B1000DC0E8 /* GDataXMLNode.h */ = {isa = PBXFileReference; fileEncoding = 4; lastKnownFileType = sourcecode.c.h; path = GDataXMLNode.h; sourceTree = "<group>"; };
		D4DA8B851B3471B1000DC0E8 /* GDataXMLNode.m */ = {isa = PBXFileReference; fileEncoding = 4; lastKnownFileType = sourcecode.c.objc; path = GDataXMLNode.m; sourceTree = "<group>"; };
		D4DA8B871B3471B1000DC0E8 /* NSRSSParser.h */ = {isa = PBXFileReference; fileEncoding = 4; lastKnownFileType = sourcecode.c.h; path = NSRSSParser.h; sourceTree = "<group>"; };
		D4DA8B881B3471B1000DC0E8 /* NSRSSParser.m */ = {isa = PBXFileReference; fileEncoding = 4; lastKnownFileType = sourcecode.c.objc; path = NSRSSParser.m; sourceTree = "<group>"; };
		D4DA8B891B3471B1000DC0E8 /* RSSParser.h */ = {isa = PBXFileReference; fileEncoding = 4; lastKnownFileType = sourcecode.c.h; path = RSSParser.h; sourceTree = "<group>"; };
		D4DA8B8A1B3471B1000DC0E8 /* RSSParser.m */ = {isa = PBXFileReference; fileEncoding = 4; lastKnownFileType = sourcecode.c.objc; path = RSSParser.m; sourceTree = "<group>"; };
		D4DA8B8B1B3471B1000DC0E8 /* XMLHelper.h */ = {isa = PBXFileReference; fileEncoding = 4; lastKnownFileType = sourcecode.c.h; path = XMLHelper.h; sourceTree = "<group>"; };
		D4DA8B8C1B3471B1000DC0E8 /* XMLHelper.m */ = {isa = PBXFileReference; fileEncoding = 4; lastKnownFileType = sourcecode.c.objc; path = XMLHelper.m; sourceTree = "<group>"; };
		D4DA8B8D1B3471B1000DC0E8 /* zh-Hans */ = {isa = PBXFileReference; lastKnownFileType = text.plist.strings; name = "zh-Hans"; path = "zh-Hans.lproj/FeedParser.strings"; sourceTree = "<group>"; };
		D4FA672D1A8133A900265869 /* RSSReader.app */ = {isa = PBXFileReference; explicitFileType = wrapper.application; includeInIndex = 0; path = RSSReader.app; sourceTree = BUILT_PRODUCTS_DIR; };
		D4FA67311A8133A900265869 /* Info.plist */ = {isa = PBXFileReference; lastKnownFileType = text.plist.xml; path = Info.plist; sourceTree = "<group>"; };
		D4FA67321A8133A900265869 /* AppDelegate.h */ = {isa = PBXFileReference; lastKnownFileType = sourcecode.c.h; path = AppDelegate.h; sourceTree = "<group>"; };
		D4FA67331A8133A900265869 /* AppDelegate.m */ = {isa = PBXFileReference; lastKnownFileType = sourcecode.c.objc; path = AppDelegate.m; sourceTree = "<group>"; };
		D4FA67351A8133A900265869 /* main.m */ = {isa = PBXFileReference; lastKnownFileType = sourcecode.c.objc; path = main.m; sourceTree = "<group>"; };
		D4FA673A1A8133A900265869 /* Images.xcassets */ = {isa = PBXFileReference; lastKnownFileType = folder.assetcatalog; path = Images.xcassets; sourceTree = "<group>"; };
/* End PBXFileReference section */

/* Begin PBXFrameworksBuildPhase section */
		D4FA672A1A8133A900265869 /* Frameworks */ = {
			isa = PBXFrameworksBuildPhase;
			buildActionMask = 2147483647;
			files = (
				D4CEC71A1A827AB300D0A87A /* libxml2.dylib in Frameworks */,
				F5B0577628B72EBEDF070641 /* libPods-RSSReader.a in Frameworks */,
			);
			runOnlyForDeploymentPostprocessing = 0;
		};
/* End PBXFrameworksBuildPhase section */

/* Begin PBXGroup section */
		1846A58A1BFDC97300F9FDB1 /* FMDBUtil */ = {
			isa = PBXGroup;
			children = (
				1846A58B1BFDC97300F9FDB1 /* FMDB */,
				1846A5921BFDC97300F9FDB1 /* ImageUtil */,
			);
			path = FMDBUtil;
			sourceTree = "<group>";
		};
		1846A58B1BFDC97300F9FDB1 /* FMDB */ = {
			isa = PBXGroup;
			children = (
				1846A58C1BFDC97300F9FDB1 /* BaseFMDBUtil.h */,
				1846A58D1BFDC97300F9FDB1 /* BaseFMDBUtil.m */,
				1846A58E1BFDC97300F9FDB1 /* PresetFMDBUtil.h */,
				1846A58F1BFDC97300F9FDB1 /* PresetFMDBUtil.m */,
				1846A5901BFDC97300F9FDB1 /* UserFMDBUtil.h */,
				1846A5911BFDC97300F9FDB1 /* UserFMDBUtil.m */,
			);
			path = FMDB;
			sourceTree = "<group>";
		};
		1846A5921BFDC97300F9FDB1 /* ImageUtil */ = {
			isa = PBXGroup;
			children = (
				1846A5931BFDC97300F9FDB1 /* ImageBase64.h */,
				1846A5941BFDC97300F9FDB1 /* ImageBase64.m */,
			);
			path = ImageUtil;
			sourceTree = "<group>";
		};
		184915731BF09F4D00D58440 /* Model */ = {
			isa = PBXGroup;
			children = (
				184915741BF09FC900D58440 /* FeedItemTableDelegate.h */,
				184915751BF09FC900D58440 /* FeedItemTableDelegate.m */,
			);
			path = Model;
			sourceTree = "<group>";
		};
		A296EB70013019E3B0B897B3 /* Frameworks */ = {
			isa = PBXGroup;
			children = (
				D4CEC7191A827AB300D0A87A /* libxml2.dylib */,
				536E0B6EAEFC94FD63855273 /* libPods-RSSReader.a */,
			);
			name = Frameworks;
			sourceTree = "<group>";
		};
		A8E2B30AD3CCE8F314813A6D /* Resources */ = {
			isa = PBXGroup;
			children = (
				A8E2BE1C445C32B8CC33194D /* preset_database.sqlite3 */,
			);
			path = Resources;
			sourceTree = "<group>";
		};
		D42BF8161B55636D0004210D /* HTMLParser */ = {
			isa = PBXGroup;
			children = (
				D42BF8171B55636D0004210D /* HTMLSchema.h */,
				D42BF8181B55636D0004210D /* HTMLSchema.m */,
			);
			path = HTMLParser;
			sourceTree = "<group>";
		};
		D4309AE71B5427BB00AF2E93 /* References */ = {
			isa = PBXGroup;
			children = (
				D43DA9701B56CA230064710E /* hpple_HTMLParser */,
			);
			path = References;
			sourceTree = "<group>";
		};
		D43DA9701B56CA230064710E /* hpple_HTMLParser */ = {
			isa = PBXGroup;
			children = (
				D43DA9711B56CA230064710E /* TFHpple.h */,
				D43DA9721B56CA230064710E /* TFHpple.m */,
				D43DA9731B56CA230064710E /* TFHppleElement.h */,
				D43DA9741B56CA230064710E /* TFHppleElement.m */,
				D43DA9751B56CA230064710E /* XPathQuery.h */,
				D43DA9761B56CA230064710E /* XPathQuery.m */,
			);
			name = hpple_HTMLParser;
			path = hpple_HTMLParser/Pod/Classes;
			sourceTree = "<group>";
		};
		D4DA8B6A1B3471B1000DC0E8 /* FeedParserFunction */ = {
			isa = PBXGroup;
			children = (
				1846A58A1BFDC97300F9FDB1 /* FMDBUtil */,
				D42BF8161B55636D0004210D /* HTMLParser */,
				D4DA8B6B1B3471B1000DC0E8 /* FeedParser.strings */,
				D4DA8B6D1B3471B1000DC0E8 /* FeedParser.h */,
				D4DA8B6E1B3471B1000DC0E8 /* FeedParser.m */,
				D4DA8B6F1B3471B1000DC0E8 /* LogHelper.h */,
				D4DA8B701B3471B1000DC0E8 /* NSDate+helper.h */,
				D4DA8B711B3471B1000DC0E8 /* NSDate+helper.m */,
				D4DA8B721B3471B1000DC0E8 /* NSString+helper.h */,
				D4DA8B731B3471B1000DC0E8 /* NSString+helper.m */,
				D4DA8B741B3471B1000DC0E8 /* RSSElements */,
				D4DA8B7F1B3471B1000DC0E8 /* RSSParsers */,
				D4DA8B8B1B3471B1000DC0E8 /* XMLHelper.h */,
				D4DA8B8C1B3471B1000DC0E8 /* XMLHelper.m */,
			);
			path = FeedParserFunction;
			sourceTree = "<group>";
		};
		D4DA8B741B3471B1000DC0E8 /* RSSElements */ = {
			isa = PBXGroup;
			children = (
				D4DA8B751B3471B1000DC0E8 /* AtomSchema.h */,
				D4DA8B761B3471B1000DC0E8 /* AtomSchema.m */,
				D4DA8B771B3471B1000DC0E8 /* RSSBaseElement.h */,
				D4DA8B781B3471B1000DC0E8 /* RSSBaseElement.m */,
				D4DA8B791B3471B1000DC0E8 /* RSSChannelElement.h */,
				D4DA8B7A1B3471B1000DC0E8 /* RSSChannelElement.m */,
				D4DA8B7B1B3471B1000DC0E8 /* RSSItemElement.h */,
				D4DA8B7C1B3471B1000DC0E8 /* RSSItemElement.m */,
				D4DA8B7D1B3471B1000DC0E8 /* RSSSchema.h */,
				D4DA8B7E1B3471B1000DC0E8 /* RSSSchema.m */,
			);
			path = RSSElements;
			sourceTree = "<group>";
		};
		D4DA8B7F1B3471B1000DC0E8 /* RSSParsers */ = {
			isa = PBXGroup;
			children = (
				D4DA8B801B3471B1000DC0E8 /* GDataRSSParser */,
				D4DA8B861B3471B1000DC0E8 /* NSRSSParser */,
				D4DA8B891B3471B1000DC0E8 /* RSSParser.h */,
				D4DA8B8A1B3471B1000DC0E8 /* RSSParser.m */,
			);
			path = RSSParsers;
			sourceTree = "<group>";
		};
		D4DA8B801B3471B1000DC0E8 /* GDataRSSParser */ = {
			isa = PBXGroup;
			children = (
				D4DA8B811B3471B1000DC0E8 /* GDataRSSParser.h */,
				D4DA8B821B3471B1000DC0E8 /* GDataRSSParser.m */,
				D4DA8B831B3471B1000DC0E8 /* GDataXML */,
			);
			path = GDataRSSParser;
			sourceTree = "<group>";
		};
		D4DA8B831B3471B1000DC0E8 /* GDataXML */ = {
			isa = PBXGroup;
			children = (
				D4DA8B841B3471B1000DC0E8 /* GDataXMLNode.h */,
				D4DA8B851B3471B1000DC0E8 /* GDataXMLNode.m */,
			);
			path = GDataXML;
			sourceTree = "<group>";
		};
		D4DA8B861B3471B1000DC0E8 /* NSRSSParser */ = {
			isa = PBXGroup;
			children = (
				D4DA8B871B3471B1000DC0E8 /* NSRSSParser.h */,
				D4DA8B881B3471B1000DC0E8 /* NSRSSParser.m */,
			);
			path = NSRSSParser;
			sourceTree = "<group>";
		};
		D4FA67241A8133A900265869 = {
			isa = PBXGroup;
			children = (
				D4309AE71B5427BB00AF2E93 /* References */,
				D4DA8B6A1B3471B1000DC0E8 /* FeedParserFunction */,
				D4FA672F1A8133A900265869 /* RSSReader */,
				D4FA672E1A8133A900265869 /* Products */,
				A296EB70013019E3B0B897B3 /* Frameworks */,
				A8E2B30AD3CCE8F314813A6D /* Resources */,
				E5C1C14F79D2791474BC0065 /* Pods */,
			);
			sourceTree = "<group>";
		};
		D4FA672E1A8133A900265869 /* Products */ = {
			isa = PBXGroup;
			children = (
				D4FA672D1A8133A900265869 /* RSSReader.app */,
			);
			name = Products;
			sourceTree = "<group>";
		};
		D4FA672F1A8133A900265869 /* RSSReader */ = {
			isa = PBXGroup;
			children = (
				184915731BF09F4D00D58440 /* Model */,
				D43B14B11B9EFFE4002DECC1 /* ViewController.h */,
				D43B14B21B9EFFE4002DECC1 /* ViewController.m */,
				D43B14B31B9EFFE4002DECC1 /* ViewController.xib */,
				184915051BE70AAE00D58440 /* OpenUrlWindow.h */,
				184915061BE70AAE00D58440 /* OpenUrlWindow.m */,
				184915071BE70AAE00D58440 /* OpenUrlWindow.xib */,
				D4FA67321A8133A900265869 /* AppDelegate.h */,
				D4FA67331A8133A900265869 /* AppDelegate.m */,
				D4FA673A1A8133A900265869 /* Images.xcassets */,
				D405BEBC1B97406900D48AAF /* MainMenu.xib */,
				D4FA67301A8133A900265869 /* Supporting Files */,
			);
			path = RSSReader;
			sourceTree = "<group>";
		};
		D4FA67301A8133A900265869 /* Supporting Files */ = {
			isa = PBXGroup;
			children = (
				D4FA67311A8133A900265869 /* Info.plist */,
				D4FA67351A8133A900265869 /* main.m */,
			);
			name = "Supporting Files";
			sourceTree = "<group>";
		};
		E5C1C14F79D2791474BC0065 /* Pods */ = {
			isa = PBXGroup;
			children = (
				CDAA7ECFBE8752F649CCB7E8 /* Pods-RSSReader.debug.xcconfig */,
				17A5FD8F9B851E884DF2BA6A /* Pods-RSSReader.release.xcconfig */,
			);
			name = Pods;
			sourceTree = "<group>";
		};
/* End PBXGroup section */

/* Begin PBXNativeTarget section */
		D4FA672C1A8133A900265869 /* RSSReader */ = {
			isa = PBXNativeTarget;
			buildConfigurationList = D4FA674D1A8133A900265869 /* Build configuration list for PBXNativeTarget "RSSReader" */;
			buildPhases = (
				45A8417BF84E7D546F7BCC76 /* Check Pods Manifest.lock */,
				D4FA67291A8133A900265869 /* Sources */,
				D4FA672A1A8133A900265869 /* Frameworks */,
				D4FA672B1A8133A900265869 /* Resources */,
				BC9FC31ADB79D58F150C1BC2 /* Embed Pods Frameworks */,
				0E9FEE3C1A9B8DA7AF101F29 /* Copy Pods Resources */,
			);
			buildRules = (
			);
			dependencies = (
			);
			name = RSSReader;
			productName = RSSReader;
			productReference = D4FA672D1A8133A900265869 /* RSSReader.app */;
			productType = "com.apple.product-type.application";
		};
/* End PBXNativeTarget section */

/* Begin PBXProject section */
		D4FA67251A8133A900265869 /* Project object */ = {
			isa = PBXProject;
			attributes = {
				LastUpgradeCheck = 0610;
				ORGANIZATIONNAME = zhangchao;
				TargetAttributes = {
					D4FA672C1A8133A900265869 = {
						CreatedOnToolsVersion = 6.1.1;
					};
				};
			};
			buildConfigurationList = D4FA67281A8133A900265869 /* Build configuration list for PBXProject "RSSReader" */;
			compatibilityVersion = "Xcode 3.2";
			developmentRegion = English;
			hasScannedForEncodings = 0;
			knownRegions = (
				en,
				Base,
				"zh-Hans",
			);
			mainGroup = D4FA67241A8133A900265869;
			productRefGroup = D4FA672E1A8133A900265869 /* Products */;
			projectDirPath = "";
			projectRoot = "";
			targets = (
				D4FA672C1A8133A900265869 /* RSSReader */,
			);
		};
/* End PBXProject section */

/* Begin PBXResourcesBuildPhase section */
		D4FA672B1A8133A900265869 /* Resources */ = {
			isa = PBXResourcesBuildPhase;
			buildActionMask = 2147483647;
			files = (
				D405BEBE1B97406900D48AAF /* MainMenu.xib in Resources */,
				184915091BE70AAE00D58440 /* OpenUrlWindow.xib in Resources */,
				D4FA673B1A8133A900265869 /* Images.xcassets in Resources */,
				D4DA8B8E1B3471B1000DC0E8 /* FeedParser.strings in Resources */,
				D43B14B51B9EFFE4002DECC1 /* ViewController.xib in Resources */,
				A8E2BCFD5F88C1FF30006D1D /* preset_database.sqlite3 in Resources */,
			);
			runOnlyForDeploymentPostprocessing = 0;
		};
/* End PBXResourcesBuildPhase section */

/* Begin PBXShellScriptBuildPhase section */
		0E9FEE3C1A9B8DA7AF101F29 /* Copy Pods Resources */ = {
			isa = PBXShellScriptBuildPhase;
			buildActionMask = 2147483647;
			files = (
			);
			inputPaths = (
			);
			name = "Copy Pods Resources";
			outputPaths = (
			);
			runOnlyForDeploymentPostprocessing = 0;
			shellPath = /bin/sh;
			shellScript = "\"${SRCROOT}/Pods/Target Support Files/Pods-RSSReader/Pods-RSSReader-resources.sh\"\n";
			showEnvVarsInLog = 0;
		};
		45A8417BF84E7D546F7BCC76 /* Check Pods Manifest.lock */ = {
			isa = PBXShellScriptBuildPhase;
			buildActionMask = 2147483647;
			files = (
			);
			inputPaths = (
			);
			name = "Check Pods Manifest.lock";
			outputPaths = (
			);
			runOnlyForDeploymentPostprocessing = 0;
			shellPath = /bin/sh;
			shellScript = "diff \"${PODS_ROOT}/../Podfile.lock\" \"${PODS_ROOT}/Manifest.lock\" > /dev/null\nif [[ $? != 0 ]] ; then\n    cat << EOM\nerror: The sandbox is not in sync with the Podfile.lock. Run 'pod install' or update your CocoaPods installation.\nEOM\n    exit 1\nfi\n";
			showEnvVarsInLog = 0;
		};
		BC9FC31ADB79D58F150C1BC2 /* Embed Pods Frameworks */ = {
			isa = PBXShellScriptBuildPhase;
			buildActionMask = 2147483647;
			files = (
			);
			inputPaths = (
			);
			name = "Embed Pods Frameworks";
			outputPaths = (
			);
			runOnlyForDeploymentPostprocessing = 0;
			shellPath = /bin/sh;
			shellScript = "\"${SRCROOT}/Pods/Target Support Files/Pods-RSSReader/Pods-RSSReader-frameworks.sh\"\n";
			showEnvVarsInLog = 0;
		};
/* End PBXShellScriptBuildPhase section */

/* Begin PBXSourcesBuildPhase section */
		D4FA67291A8133A900265869 /* Sources */ = {
			isa = PBXSourcesBuildPhase;
			buildActionMask = 2147483647;
			files = (
				1846A5981BFDC97300F9FDB1 /* ImageBase64.m in Sources */,
				D4DA8B991B3471B1000DC0E8 /* NSRSSParser.m in Sources */,
				D4DA8B931B3471B1000DC0E8 /* RSSBaseElement.m in Sources */,
				D4DA8B8F1B3471B1000DC0E8 /* FeedParser.m in Sources */,
				184915081BE70AAE00D58440 /* OpenUrlWindow.m in Sources */,
				D43DA9791B56CA230064710E /* XPathQuery.m in Sources */,
				1846A5961BFDC97300F9FDB1 /* PresetFMDBUtil.m in Sources */,
				D4DA8B901B3471B1000DC0E8 /* NSDate+helper.m in Sources */,
				D4DA8B981B3471B1000DC0E8 /* GDataXMLNode.m in Sources */,
				D43DA9781B56CA230064710E /* TFHppleElement.m in Sources */,
				D4DA8B941B3471B1000DC0E8 /* RSSChannelElement.m in Sources */,
				1846A5951BFDC97300F9FDB1 /* BaseFMDBUtil.m in Sources */,
				D4DA8B9B1B3471B1000DC0E8 /* XMLHelper.m in Sources */,
				D42BF8191B55636D0004210D /* HTMLSchema.m in Sources */,
				1846A5971BFDC97300F9FDB1 /* UserFMDBUtil.m in Sources */,
				D43DA9771B56CA230064710E /* TFHpple.m in Sources */,
				D4DA8B9A1B3471B1000DC0E8 /* RSSParser.m in Sources */,
				D4DA8B971B3471B1000DC0E8 /* GDataRSSParser.m in Sources */,
				D4DA8B911B3471B1000DC0E8 /* NSString+helper.m in Sources */,
				184915761BF09FC900D58440 /* FeedItemTableDelegate.m in Sources */,
				D4DA8B961B3471B1000DC0E8 /* RSSSchema.m in Sources */,
				D4DA8B951B3471B1000DC0E8 /* RSSItemElement.m in Sources */,
				D4FA67361A8133A900265869 /* main.m in Sources */,
				D4FA67341A8133A900265869 /* AppDelegate.m in Sources */,
				D4DA8B921B3471B1000DC0E8 /* AtomSchema.m in Sources */,
				D43B14B41B9EFFE4002DECC1 /* ViewController.m in Sources */,
			);
			runOnlyForDeploymentPostprocessing = 0;
		};
/* End PBXSourcesBuildPhase section */

/* Begin PBXVariantGroup section */
		D405BEBC1B97406900D48AAF /* MainMenu.xib */ = {
			isa = PBXVariantGroup;
			children = (
				D405BEBD1B97406900D48AAF /* Base */,
			);
			name = MainMenu.xib;
			path = Base.lproj;
			sourceTree = "<group>";
		};
		D4DA8B6B1B3471B1000DC0E8 /* FeedParser.strings */ = {
			isa = PBXVariantGroup;
			children = (
				D4DA8B6C1B3471B1000DC0E8 /* Base */,
				D4DA8B8D1B3471B1000DC0E8 /* zh-Hans */,
			);
			name = FeedParser.strings;
			sourceTree = "<group>";
		};
/* End PBXVariantGroup section */

/* Begin XCBuildConfiguration section */
		D4FA674B1A8133A900265869 /* Debug */ = {
			isa = XCBuildConfiguration;
			buildSettings = {
				ALWAYS_SEARCH_USER_PATHS = NO;
				CLANG_CXX_LANGUAGE_STANDARD = "gnu++0x";
				CLANG_CXX_LIBRARY = "libc++";
				CLANG_ENABLE_MODULES = YES;
				CLANG_ENABLE_OBJC_ARC = YES;
				CLANG_WARN_BOOL_CONVERSION = YES;
				CLANG_WARN_CONSTANT_CONVERSION = YES;
				CLANG_WARN_DIRECT_OBJC_ISA_USAGE = YES_ERROR;
				CLANG_WARN_EMPTY_BODY = YES;
				CLANG_WARN_ENUM_CONVERSION = YES;
				CLANG_WARN_INT_CONVERSION = YES;
				CLANG_WARN_OBJC_ROOT_CLASS = YES_ERROR;
				CLANG_WARN_UNREACHABLE_CODE = YES;
				CLANG_WARN__DUPLICATE_METHOD_MATCH = YES;
				CODE_SIGN_IDENTITY = "-";
				COPY_PHASE_STRIP = NO;
				ENABLE_STRICT_OBJC_MSGSEND = YES;
				GCC_C_LANGUAGE_STANDARD = gnu99;
				GCC_DYNAMIC_NO_PIC = NO;
				GCC_OPTIMIZATION_LEVEL = 0;
				GCC_PREPROCESSOR_DEFINITIONS = (
					"DEBUG=1",
					"$(inherited)",
				);
				GCC_SYMBOLS_PRIVATE_EXTERN = NO;
				GCC_WARN_64_TO_32_BIT_CONVERSION = YES;
				GCC_WARN_ABOUT_RETURN_TYPE = YES_ERROR;
				GCC_WARN_UNDECLARED_SELECTOR = YES;
				GCC_WARN_UNINITIALIZED_AUTOS = YES_AGGRESSIVE;
				GCC_WARN_UNUSED_FUNCTION = YES;
				GCC_WARN_UNUSED_VARIABLE = YES;
				MACOSX_DEPLOYMENT_TARGET = 10.9;
				MTL_ENABLE_DEBUG_INFO = YES;
				ONLY_ACTIVE_ARCH = YES;
			};
			name = Debug;
		};
		D4FA674C1A8133A900265869 /* Release */ = {
			isa = XCBuildConfiguration;
			buildSettings = {
				ALWAYS_SEARCH_USER_PATHS = NO;
				CLANG_CXX_LANGUAGE_STANDARD = "gnu++0x";
				CLANG_CXX_LIBRARY = "libc++";
				CLANG_ENABLE_MODULES = YES;
				CLANG_ENABLE_OBJC_ARC = YES;
				CLANG_WARN_BOOL_CONVERSION = YES;
				CLANG_WARN_CONSTANT_CONVERSION = YES;
				CLANG_WARN_DIRECT_OBJC_ISA_USAGE = YES_ERROR;
				CLANG_WARN_EMPTY_BODY = YES;
				CLANG_WARN_ENUM_CONVERSION = YES;
				CLANG_WARN_INT_CONVERSION = YES;
				CLANG_WARN_OBJC_ROOT_CLASS = YES_ERROR;
				CLANG_WARN_UNREACHABLE_CODE = YES;
				CLANG_WARN__DUPLICATE_METHOD_MATCH = YES;
				CODE_SIGN_IDENTITY = "-";
				COPY_PHASE_STRIP = YES;
				DEBUG_INFORMATION_FORMAT = "dwarf-with-dsym";
				ENABLE_NS_ASSERTIONS = NO;
				ENABLE_STRICT_OBJC_MSGSEND = YES;
				GCC_C_LANGUAGE_STANDARD = gnu99;
				GCC_WARN_64_TO_32_BIT_CONVERSION = YES;
				GCC_WARN_ABOUT_RETURN_TYPE = YES_ERROR;
				GCC_WARN_UNDECLARED_SELECTOR = YES;
				GCC_WARN_UNINITIALIZED_AUTOS = YES_AGGRESSIVE;
				GCC_WARN_UNUSED_FUNCTION = YES;
				GCC_WARN_UNUSED_VARIABLE = YES;
				MACOSX_DEPLOYMENT_TARGET = 10.9;
				MTL_ENABLE_DEBUG_INFO = NO;
			};
			name = Release;
		};
		D4FA674E1A8133A900265869 /* Debug */ = {
			isa = XCBuildConfiguration;
			baseConfigurationReference = CDAA7ECFBE8752F649CCB7E8 /* Pods-RSSReader.debug.xcconfig */;
			buildSettings = {
				ASSETCATALOG_COMPILER_APPICON_NAME = AppIcon;
				COMBINE_HIDPI_IMAGES = YES;
				HEADER_SEARCH_PATHS = (
					"$(inherited)",
					/Applications/Xcode.app/Contents/Developer/Toolchains/XcodeDefault.xctoolchain/usr/include,
					/usr/include/libxml2,
				);
				INFOPLIST_FILE = RSSReader/Info.plist;
				LD_RUNPATH_SEARCH_PATHS = "$(inherited) @executable_path/../Frameworks";
				LIBRARY_SEARCH_PATHS = "$(inherited)";
				OTHER_LDFLAGS = (
					"$(inherited)",
					"-lxml2",
				);
				PRODUCT_NAME = "$(TARGET_NAME)";
				SDKROOT = macosx;
			};
			name = Debug;
		};
		D4FA674F1A8133A900265869 /* Release */ = {
			isa = XCBuildConfiguration;
			baseConfigurationReference = 17A5FD8F9B851E884DF2BA6A /* Pods-RSSReader.release.xcconfig */;
			buildSettings = {
				ASSETCATALOG_COMPILER_APPICON_NAME = AppIcon;
				COMBINE_HIDPI_IMAGES = YES;
				HEADER_SEARCH_PATHS = (
					"$(inherited)",
					/Applications/Xcode.app/Contents/Developer/Toolchains/XcodeDefault.xctoolchain/usr/include,
					/usr/include/libxml2,
				);
				INFOPLIST_FILE = RSSReader/Info.plist;
				LD_RUNPATH_SEARCH_PATHS = "$(inherited) @executable_path/../Frameworks";
				LIBRARY_SEARCH_PATHS = "$(inherited)";
				OTHER_LDFLAGS = (
					"$(inherited)",
					"-lxml2",
				);
				PRODUCT_NAME = "$(TARGET_NAME)";
				SDKROOT = macosx;
			};
			name = Release;
		};
/* End XCBuildConfiguration section */

/* Begin XCConfigurationList section */
		D4FA67281A8133A900265869 /* Build configuration list for PBXProject "RSSReader" */ = {
			isa = XCConfigurationList;
			buildConfigurations = (
				D4FA674B1A8133A900265869 /* Debug */,
				D4FA674C1A8133A900265869 /* Release */,
			);
			defaultConfigurationIsVisible = 0;
			defaultConfigurationName = Release;
		};
		D4FA674D1A8133A900265869 /* Build configuration list for PBXNativeTarget "RSSReader" */ = {
			isa = XCConfigurationList;
			buildConfigurations = (
				D4FA674E1A8133A900265869 /* Debug */,
				D4FA674F1A8133A900265869 /* Release */,
			);
			defaultConfigurationIsVisible = 0;
			defaultConfigurationName = Release;
		};
/* End XCConfigurationList section */
	};
	rootObject = D4FA67251A8133A900265869 /* Project object */;
}
